
Microsoft Visual Studio Solution File, Format Version 12.00
# Visual Studio Version 17
VisualStudioVersion = 17.12.35527.113
MinimumVisualStudioVersion = 10.0.40219.1
Project("{2150E333-8FDC-42A3-9474-1A3956D46DE8}") = "1.Client", "1.Client", "{5B297182-2BF1-4039-BB9C-D63B344E9610}"
EndProject
Project("{2150E333-8FDC-42A3-9474-1A3956D46DE8}") = "2.Backend", "2.Backend", "{D49EC31C-3C8A-445D-B367-3F7075AFAF45}"
EndProject
Project("{9A19103F-16F7-4668-BE54-9A1E7A4F7556}") = "Application", "Application\Application.csproj", "{EC90FB19-E59D-4718-B496-C8E8B1FC5DDB}"
EndProject
Project("{9A19103F-16F7-4668-BE54-9A1E7A4F7556}") = "Domain", "Domain\Domain.csproj", "{7AC661E6-8BB1-47F9-85AC-764B3956FF8F}"
EndProject
Project("{9A19103F-16F7-4668-BE54-9A1E7A4F7556}") = "Persistence", "Persistence\Persistence.csproj", "{FE20E6DF-799B-4791-B680-7610B6A449D5}"
EndProject
Project("{9A19103F-16F7-4668-BE54-9A1E7A4F7556}") = "Web.API", "Web.API\Web.API.csproj", "{9CD24022-923A-4880-8787-19976404CF67}"
EndProject
Project("{54A90642-561A-4BB1-A94E-469ADEE60C69}") = "reactapp", "reactapp\reactapp.esproj", "{C6B71316-21FB-4A7C-ADA2-0AEFCF933C2B}"
EndProject
Project("{FAE04EC0-301F-11D3-BF4B-00C04F79EFBC}") = "Test", "Test\Test.csproj", "{D955455C-E895-4AD7-A7A4-FFB0A2EE3D1B}"
EndProject
Project("{2150E333-8FDC-42A3-9474-1A3956D46DE8}") = "3.Test", "3.Test", "{32C2432C-8492-456A-9A43-C2770C0DDA33}"
EndProject
Global
	GlobalSection(SolutionConfigurationPlatforms) = preSolution
		Debug|Any CPU = Debug|Any CPU
		Release|Any CPU = Release|Any CPU
	EndGlobalSection
	GlobalSection(ProjectConfigurationPlatforms) = postSolution
		{EC90FB19-E59D-4718-B496-C8E8B1FC5DDB}.Debug|Any CPU.ActiveCfg = Debug|Any CPU
		{EC90FB19-E59D-4718-B496-C8E8B1FC5DDB}.Debug|Any CPU.Build.0 = Debug|Any CPU
		{EC90FB19-E59D-4718-B496-C8E8B1FC5DDB}.Release|Any CPU.ActiveCfg = Release|Any CPU
		{EC90FB19-E59D-4718-B496-C8E8B1FC5DDB}.Release|Any CPU.Build.0 = Release|Any CPU
		{7AC661E6-8BB1-47F9-85AC-764B3956FF8F}.Debug|Any CPU.ActiveCfg = Debug|Any CPU
		{7AC661E6-8BB1-47F9-85AC-764B3956FF8F}.Debug|Any CPU.Build.0 = Debug|Any CPU
		{7AC661E6-8BB1-47F9-85AC-764B3956FF8F}.Release|Any CPU.ActiveCfg = Release|Any CPU
		{7AC661E6-8BB1-47F9-85AC-764B3956FF8F}.Release|Any CPU.Build.0 = Release|Any CPU
		{FE20E6DF-799B-4791-B680-7610B6A449D5}.Debug|Any CPU.ActiveCfg = Debug|Any CPU
		{FE20E6DF-799B-4791-B680-7610B6A449D5}.Debug|Any CPU.Build.0 = Debug|Any CPU
		{FE20E6DF-799B-4791-B680-7610B6A449D5}.Release|Any CPU.ActiveCfg = Release|Any CPU
		{FE20E6DF-799B-4791-B680-7610B6A449D5}.Release|Any CPU.Build.0 = Release|Any CPU
		{9CD24022-923A-4880-8787-19976404CF67}.Debug|Any CPU.ActiveCfg = Debug|Any CPU
		{9CD24022-923A-4880-8787-19976404CF67}.Debug|Any CPU.Build.0 = Debug|Any CPU
		{9CD24022-923A-4880-8787-19976404CF67}.Release|Any CPU.ActiveCfg = Release|Any CPU
		{9CD24022-923A-4880-8787-19976404CF67}.Release|Any CPU.Build.0 = Release|Any CPU
		{C6B71316-21FB-4A7C-ADA2-0AEFCF933C2B}.Debug|Any CPU.ActiveCfg = Debug|Any CPU
		{C6B71316-21FB-4A7C-ADA2-0AEFCF933C2B}.Debug|Any CPU.Build.0 = Debug|Any CPU
		{C6B71316-21FB-4A7C-ADA2-0AEFCF933C2B}.Debug|Any CPU.Deploy.0 = Debug|Any CPU
		{C6B71316-21FB-4A7C-ADA2-0AEFCF933C2B}.Release|Any CPU.ActiveCfg = Release|Any CPU
		{C6B71316-21FB-4A7C-ADA2-0AEFCF933C2B}.Release|Any CPU.Build.0 = Release|Any CPU
		{C6B71316-21FB-4A7C-ADA2-0AEFCF933C2B}.Release|Any CPU.Deploy.0 = Release|Any CPU
		{D955455C-E895-4AD7-A7A4-FFB0A2EE3D1B}.Debug|Any CPU.ActiveCfg = Debug|Any CPU
		{D955455C-E895-4AD7-A7A4-FFB0A2EE3D1B}.Debug|Any CPU.Build.0 = Debug|Any CPU
		{D955455C-E895-4AD7-A7A4-FFB0A2EE3D1B}.Release|Any CPU.ActiveCfg = Release|Any CPU
		{D955455C-E895-4AD7-A7A4-FFB0A2EE3D1B}.Release|Any CPU.Build.0 = Release|Any CPU
	EndGlobalSection
	GlobalSection(SolutionProperties) = preSolution
		HideSolutionNode = FALSE
	EndGlobalSection
	GlobalSection(NestedProjects) = preSolution
		{EC90FB19-E59D-4718-B496-C8E8B1FC5DDB} = {D49EC31C-3C8A-445D-B367-3F7075AFAF45}
		{7AC661E6-8BB1-47F9-85AC-764B3956FF8F} = {D49EC31C-3C8A-445D-B367-3F7075AFAF45}
		{FE20E6DF-799B-4791-B680-7610B6A449D5} = {D49EC31C-3C8A-445D-B367-3F7075AFAF45}
		{9CD24022-923A-4880-8787-19976404CF67} = {D49EC31C-3C8A-445D-B367-3F7075AFAF45}
		{C6B71316-21FB-4A7C-ADA2-0AEFCF933C2B} = {5B297182-2BF1-4039-BB9C-D63B344E9610}
		{D955455C-E895-4AD7-A7A4-FFB0A2EE3D1B} = {32C2432C-8492-456A-9A43-C2770C0DDA33}
	EndGlobalSection
	GlobalSection(ExtensibilityGlobals) = postSolution
		SolutionGuid = {AD68EC2B-8B42-4EB6-8F1C-B43016BAE344}
	EndGlobalSection
EndGlobal
